
Microsoft Visual Studio Solution File, Format Version 12.00
# Visual Studio Version 16
VisualStudioVersion = 16.0.30717.126
MinimumVisualStudioVersion = 10.0.40219.1
Project("{FAE04EC0-301F-11D3-BF4B-00C04F79EFBC}") = "dotNetApp", "dotNetApp\dotNetApp.csproj", "{94DB14A9-D4AF-4905-AAF0-06FB73234942}"
EndProject
Global
	GlobalSection(SolutionConfigurationPlatforms) = preSolution
		Debug|Any CPU = Debug|Any CPU
		Release|Any CPU = Release|Any CPU
	EndGlobalSection
	GlobalSection(ProjectConfigurationPlatforms) = postSolution
		{94DB14A9-D4AF-4905-AAF0-06FB73234942}.Debug|Any CPU.ActiveCfg = Debug|Any CPU
		{94DB14A9-D4AF-4905-AAF0-06FB73234942}.Debug|Any CPU.Build.0 = Debug|Any CPU
		{94DB14A9-D4AF-4905-AAF0-06FB73234942}.Release|Any CPU.ActiveCfg = Release|Any CPU
		{94DB14A9-D4AF-4905-AAF0-06FB73234942}.Release|Any CPU.Build.0 = Release|Any CPU
	EndGlobalSection
	GlobalSection(SolutionProperties) = preSolution
		HideSolutionNode = FALSE
	EndGlobalSection
	GlobalSection(ExtensibilityGlobals) = postSolution
		SolutionGuid = {A6A44167-26BD-4198-9CD9-E80FC6D67974}
	EndGlobalSection
EndGlobal
